{
  "name": "assets",
  "lockfileVersion": 2,
  "requires": true,
  "packages": {
    "": {
      "devDependencies": {
        "@absinthe/socket": "^0.2.1"
      }
    },
    "node_modules/@absinthe/socket": {
      "version": "0.2.1",
      "resolved": "https://registry.npmjs.org/@absinthe/socket/-/socket-0.2.1.tgz",
      "integrity": "sha512-rCuMRG4WndooGR+QfU5v+xL6U8YKEXFyvjqYt0qTHupAh+k+tpD6a5dlxcLO0g38p/hb1I12OzKvl+0G1XYCkA==",
      "dev": true,
      "dependencies": {
        "@babel/runtime": "7.2.0",
        "@jumpn/utils-array": "0.3.4",
        "@jumpn/utils-composite": "0.7.0",
        "@jumpn/utils-graphql": "0.6.0",
        "core-js": "2.6.0",
        "zen-observable": "0.8.11"
      },
      "peerDependencies": {
        "phoenix": "^1.4.0"
      }
    },
    "node_modules/@babel/runtime": {
      "version": "7.2.0",
      "resolved": "https://registry.npmjs.org/@babel/runtime/-/runtime-7.2.0.tgz",
      "integrity": "sha512-oouEibCbHMVdZSDlJBO6bZmID/zA/G/Qx3H1d3rSNPTD+L8UNKvCat7aKWSJ74zYbm5zWGh0GQN0hKj8zYFTCg==",
      "dev": true,
      "dependencies": {
        "regenerator-runtime": "^0.12.0"
      }
    },
    "node_modules/@jumpn/utils-array": {
      "version": "0.3.4",
      "resolved": "https://registry.npmjs.org/@jumpn/utils-array/-/utils-array-0.3.4.tgz",
      "integrity": "sha1-+0MQEgEI9lnatUB175OrxWE33l4=",
      "dev": true,
      "dependencies": {
        "babel-polyfill": "6.26.0",
        "babel-runtime": "6.26.0",
        "flow-static-land": "0.2.7"
      }
    },
    "node_modules/@jumpn/utils-composite": {
      "version": "0.7.0",
      "resolved": "https://registry.npmjs.org/@jumpn/utils-composite/-/utils-composite-0.7.0.tgz",
      "integrity": "sha512-kamRVYJLNvjMrnKKeu2RSFQHLUO/IYFo05gLI7GQcCk063mJzsjCCfRycCievIBI+5Sg8C7A5gwRYxkBA5jY8w==",
      "dev": true,
      "dependencies": {
        "@jumpn/utils-array": "0.3.4",
        "babel-polyfill": "6.26.0",
        "babel-runtime": "6.26.0",
        "fast-deep-equal": "1.0.0",
        "flow-static-land": "0.2.8"
      }
    },
    "node_modules/@jumpn/utils-composite/node_modules/flow-static-land": {
      "version": "0.2.8",
      "resolved": "https://registry.npmjs.org/flow-static-land/-/flow-static-land-0.2.8.tgz",
      "integrity": "sha512-pOZFExu2rbscCgcEo7nL7FNhBubMi18dn1Un4lm8LOmQkYhgsHLsrBGMWmuJXRWcYMrOC7I/bPsiqqVjdD3K1g==",
      "dev": true
    },
    "node_modules/@jumpn/utils-graphql": {
      "version": "0.6.0",
      "resolved": "https://registry.npmjs.org/@jumpn/utils-graphql/-/utils-graphql-0.6.0.tgz",
      "integrity": "sha512-I5OSEh8Ed4FdLIcUTYzWdpO9noQOoWptdgF8yOZ0xhDD7h7E9IgPYxfy36qbC6v9xlpGTwQMu3Wn8ulkinG/MQ==",
      "dev": true,
      "dependencies": {
        "@babel/runtime": "7.2.0",
        "core-js": "2.6.0",
        "graphql": "14.0.2"
      }
    },
    "node_modules/babel-polyfill": {
      "version": "6.26.0",
      "resolved": "https://registry.npmjs.org/babel-polyfill/-/babel-polyfill-6.26.0.tgz",
      "integrity": "sha1-N5k3q8Z9eJWXCtxiHyhM2WbPIVM=",
      "dev": true,
      "dependencies": {
        "babel-runtime": "^6.26.0",
        "core-js": "^2.5.0",
        "regenerator-runtime": "^0.10.5"
      }
    },
    "node_modules/babel-polyfill/node_modules/regenerator-runtime": {
      "version": "0.10.5",
      "resolved": "https://registry.npmjs.org/regenerator-runtime/-/regenerator-runtime-0.10.5.tgz",
      "integrity": "sha1-M2w+/BIgrc7dosn6tntaeVWjNlg=",
      "dev": true
    },
    "node_modules/babel-runtime": {
      "version": "6.26.0",
      "resolved": "https://registry.npmjs.org/babel-runtime/-/babel-runtime-6.26.0.tgz",
      "integrity": "sha1-llxwWGaOgrVde/4E/yM3vItWR/4=",
      "dev": true,
      "dependencies": {
        "core-js": "^2.4.0",
        "regenerator-runtime": "^0.11.0"
      }
    },
    "node_modules/babel-runtime/node_modules/regenerator-runtime": {
      "version": "0.11.1",
      "resolved": "https://registry.npmjs.org/regenerator-runtime/-/regenerator-runtime-0.11.1.tgz",
      "integrity": "sha512-MguG95oij0fC3QV3URf4V2SDYGJhJnJGqvIIgdECeODCT98wSWDAJ94SSuVpYQUoTcGUIL6L4yNB7j1DFFHSBg==",
      "dev": true
    },
    "node_modules/core-js": {
      "version": "2.6.0",
      "resolved": "https://registry.npmjs.org/core-js/-/core-js-2.6.0.tgz",
      "integrity": "sha512-kLRC6ncVpuEW/1kwrOXYX6KQASCVtrh1gQr/UiaVgFlf9WE5Vp+lNe5+h3LuMr5PAucWnnEXwH0nQHRH/gpGtw==",
      "deprecated": "core-js@<3.3 is no longer maintained and not recommended for usage due to the number of issues. Because of the V8 engine whims, feature detection in old core-js versions could cause a slowdown up to 100x even if nothing is polyfilled. Please, upgrade your dependencies to the actual version of core-js.",
      "dev": true
    },
    "node_modules/fast-deep-equal": {
      "version": "1.0.0",
      "resolved": "https://registry.npmjs.org/fast-deep-equal/-/fast-deep-equal-1.0.0.tgz",
      "integrity": "sha1-liVqO8l1WV6zbYLpkp0GDYk0Of8=",
      "dev": true
    },
    "node_modules/flow-static-land": {
      "version": "0.2.7",
      "resolved": "https://registry.npmjs.org/flow-static-land/-/flow-static-land-0.2.7.tgz",
      "integrity": "sha1-k3+dyyeAiJpgkVXl0aVamTvC/7M=",
      "dev": true
    },
    "node_modules/graphql": {
      "version": "14.0.2",
      "resolved": "https://registry.npmjs.org/graphql/-/graphql-14.0.2.tgz",
      "integrity": "sha512-gUC4YYsaiSJT1h40krG3J+USGlwhzNTXSb4IOZljn9ag5Tj+RkoXrWp+Kh7WyE3t1NCfab5kzCuxBIvOMERMXw==",
      "dev": true,
      "dependencies": {
        "iterall": "^1.2.2"
      },
      "engines": {
        "node": ">= 6.x"
      }
    },
    "node_modules/iterall": {
      "version": "1.3.0",
      "resolved": "https://registry.npmjs.org/iterall/-/iterall-1.3.0.tgz",
      "integrity": "sha512-QZ9qOMdF+QLHxy1QIpUHUU1D5pS2CG2P69LF6L6CPjPYA/XMOmKV3PZpawHoAjHNyB0swdVTRxdYT4tbBbxqwg==",
      "dev": true
    },
    "node_modules/phoenix": {
      "version": "1.5.11",
      "resolved": "https://registry.npmjs.org/phoenix/-/phoenix-1.5.11.tgz",
      "integrity": "sha512-zqrm76pIJRqSOtd3C9d+jOeb9ewrsl+1L48je98xwXg2Jys9TQYIuBjdBf/lwSB4Y901927nbZJvThGhnhzmOA==",
      "dev": true,
      "peer": true
    },
    "node_modules/regenerator-runtime": {
      "version": "0.12.1",
      "resolved": "https://registry.npmjs.org/regenerator-runtime/-/regenerator-runtime-0.12.1.tgz",
      "integrity": "sha512-odxIc1/vDlo4iZcfXqRYFj0vpXFNoGdKMAUieAlFYO6m/nl5e9KR/beGf41z4a1FI+aQgtjhuaSlDxQ0hmkrHg==",
      "dev": true
    },
    "node_modules/zen-observable": {
      "version": "0.8.11",
      "resolved": "https://registry.npmjs.org/zen-observable/-/zen-observable-0.8.11.tgz",
      "integrity": "sha512-N3xXQVr4L61rZvGMpWe8XoCGX8vhU35dPyQ4fm5CY/KDlG0F75un14hjbckPXTDuKUY6V0dqR2giT6xN8Y4GEQ==",
      "dev": true
    }
  },
  "dependencies": {
    "@absinthe/socket": {
      "version": "0.2.1",
      "resolved": "https://registry.npmjs.org/@absinthe/socket/-/socket-0.2.1.tgz",
      "integrity": "sha512-rCuMRG4WndooGR+QfU5v+xL6U8YKEXFyvjqYt0qTHupAh+k+tpD6a5dlxcLO0g38p/hb1I12OzKvl+0G1XYCkA==",
      "dev": true,
      "requires": {
        "@babel/runtime": "7.2.0",
        "@jumpn/utils-array": "0.3.4",
        "@jumpn/utils-composite": "0.7.0",
        "@jumpn/utils-graphql": "0.6.0",
        "core-js": "2.6.0",
        "zen-observable": "0.8.11"
      }
    },
    "@babel/runtime": {
      "version": "7.2.0",
      "resolved": "https://registry.npmjs.org/@babel/runtime/-/runtime-7.2.0.tgz",
      "integrity": "sha512-oouEibCbHMVdZSDlJBO6bZmID/zA/G/Qx3H1d3rSNPTD+L8UNKvCat7aKWSJ74zYbm5zWGh0GQN0hKj8zYFTCg==",
      "dev": true,
      "requires": {
        "regenerator-runtime": "^0.12.0"
      }
    },
    "@jumpn/utils-array": {
      "version": "0.3.4",
      "resolved": "https://registry.npmjs.org/@jumpn/utils-array/-/utils-array-0.3.4.tgz",
      "integrity": "sha1-+0MQEgEI9lnatUB175OrxWE33l4=",
      "dev": true,
      "requires": {
        "babel-polyfill": "6.26.0",
        "babel-runtime": "6.26.0",
        "flow-static-land": "0.2.7"
      }
    },
    "@jumpn/utils-composite": {
      "version": "0.7.0",
      "resolved": "https://registry.npmjs.org/@jumpn/utils-composite/-/utils-composite-0.7.0.tgz",
      "integrity": "sha512-kamRVYJLNvjMrnKKeu2RSFQHLUO/IYFo05gLI7GQcCk063mJzsjCCfRycCievIBI+5Sg8C7A5gwRYxkBA5jY8w==",
      "dev": true,
      "requires": {
        "@jumpn/utils-array": "0.3.4",
        "babel-polyfill": "6.26.0",
        "babel-runtime": "6.26.0",
        "fast-deep-equal": "1.0.0",
        "flow-static-land": "0.2.8"
      },
      "dependencies": {
        "flow-static-land": {
          "version": "0.2.8",
          "resolved": "https://registry.npmjs.org/flow-static-land/-/flow-static-land-0.2.8.tgz",
          "integrity": "sha512-pOZFExu2rbscCgcEo7nL7FNhBubMi18dn1Un4lm8LOmQkYhgsHLsrBGMWmuJXRWcYMrOC7I/bPsiqqVjdD3K1g==",
          "dev": true
        }
      }
    },
    "@jumpn/utils-graphql": {
      "version": "0.6.0",
      "resolved": "https://registry.npmjs.org/@jumpn/utils-graphql/-/utils-graphql-0.6.0.tgz",
      "integrity": "sha512-I5OSEh8Ed4FdLIcUTYzWdpO9noQOoWptdgF8yOZ0xhDD7h7E9IgPYxfy36qbC6v9xlpGTwQMu3Wn8ulkinG/MQ==",
      "dev": true,
      "requires": {
        "@babel/runtime": "7.2.0",
        "core-js": "2.6.0",
        "graphql": "14.0.2"
      }
    },
    "babel-polyfill": {
      "version": "6.26.0",
      "resolved": "https://registry.npmjs.org/babel-polyfill/-/babel-polyfill-6.26.0.tgz",
      "integrity": "sha1-N5k3q8Z9eJWXCtxiHyhM2WbPIVM=",
      "dev": true,
      "requires": {
        "babel-runtime": "^6.26.0",
        "core-js": "^2.5.0",
        "regenerator-runtime": "^0.10.5"
      },
      "dependencies": {
        "regenerator-runtime": {
          "version": "0.10.5",
          "resolved": "https://registry.npmjs.org/regenerator-runtime/-/regenerator-runtime-0.10.5.tgz",
          "integrity": "sha1-M2w+/BIgrc7dosn6tntaeVWjNlg=",
          "dev": true
        }
      }
    },
    "babel-runtime": {
      "version": "6.26.0",
      "resolved": "https://registry.npmjs.org/babel-runtime/-/babel-runtime-6.26.0.tgz",
      "integrity": "sha1-llxwWGaOgrVde/4E/yM3vItWR/4=",
      "dev": true,
      "requires": {
        "core-js": "^2.4.0",
        "regenerator-runtime": "^0.11.0"
      },
      "dependencies": {
        "regenerator-runtime": {
          "version": "0.11.1",
          "resolved": "https://registry.npmjs.org/regenerator-runtime/-/regenerator-runtime-0.11.1.tgz",
          "integrity": "sha512-MguG95oij0fC3QV3URf4V2SDYGJhJnJGqvIIgdECeODCT98wSWDAJ94SSuVpYQUoTcGUIL6L4yNB7j1DFFHSBg==",
          "dev": true
        }
      }
    },
    "core-js": {
      "version": "2.6.0",
      "resolved": "https://registry.npmjs.org/core-js/-/core-js-2.6.0.tgz",
      "integrity": "sha512-kLRC6ncVpuEW/1kwrOXYX6KQASCVtrh1gQr/UiaVgFlf9WE5Vp+lNe5+h3LuMr5PAucWnnEXwH0nQHRH/gpGtw==",
      "dev": true
    },
    "fast-deep-equal": {
      "version": "1.0.0",
      "resolved": "https://registry.npmjs.org/fast-deep-equal/-/fast-deep-equal-1.0.0.tgz",
      "integrity": "sha1-liVqO8l1WV6zbYLpkp0GDYk0Of8=",
      "dev": true
    },
    "flow-static-land": {
      "version": "0.2.7",
      "resolved": "https://registry.npmjs.org/flow-static-land/-/flow-static-land-0.2.7.tgz",
      "integrity": "sha1-k3+dyyeAiJpgkVXl0aVamTvC/7M=",
      "dev": true
    },
    "graphql": {
      "version": "14.0.2",
      "resolved": "https://registry.npmjs.org/graphql/-/graphql-14.0.2.tgz",
      "integrity": "sha512-gUC4YYsaiSJT1h40krG3J+USGlwhzNTXSb4IOZljn9ag5Tj+RkoXrWp+Kh7WyE3t1NCfab5kzCuxBIvOMERMXw==",
      "dev": true,
      "requires": {
        "iterall": "^1.2.2"
      }
    },
    "iterall": {
      "version": "1.3.0",
      "resolved": "https://registry.npmjs.org/iterall/-/iterall-1.3.0.tgz",
      "integrity": "sha512-QZ9qOMdF+QLHxy1QIpUHUU1D5pS2CG2P69LF6L6CPjPYA/XMOmKV3PZpawHoAjHNyB0swdVTRxdYT4tbBbxqwg==",
      "dev": true
    },
    "phoenix": {
      "version": "1.5.11",
      "resolved": "https://registry.npmjs.org/phoenix/-/phoenix-1.5.11.tgz",
      "integrity": "sha512-zqrm76pIJRqSOtd3C9d+jOeb9ewrsl+1L48je98xwXg2Jys9TQYIuBjdBf/lwSB4Y901927nbZJvThGhnhzmOA==",
      "dev": true,
      "peer": true
    },
    "regenerator-runtime": {
      "version": "0.12.1",
      "resolved": "https://registry.npmjs.org/regenerator-runtime/-/regenerator-runtime-0.12.1.tgz",
      "integrity": "sha512-odxIc1/vDlo4iZcfXqRYFj0vpXFNoGdKMAUieAlFYO6m/nl5e9KR/beGf41z4a1FI+aQgtjhuaSlDxQ0hmkrHg==",
      "dev": true
    },
    "zen-observable": {
      "version": "0.8.11",
      "resolved": "https://registry.npmjs.org/zen-observable/-/zen-observable-0.8.11.tgz",
      "integrity": "sha512-N3xXQVr4L61rZvGMpWe8XoCGX8vhU35dPyQ4fm5CY/KDlG0F75un14hjbckPXTDuKUY6V0dqR2giT6xN8Y4GEQ==",
      "dev": true
    }
  }
}
